
Microsoft Visual Studio Solution File, Format Version 12.00
# Visual Studio Version 17
VisualStudioVersion = 17.9.34407.89
MinimumVisualStudioVersion = 10.0.40219.1
Project("{9A19103F-16F7-4668-BE54-9A1E7A4F7556}") = "YapHaydi", "YapHaydi\YapHaydi.csproj", "{E0B51495-78BC-44B6-8118-3A7A30B2310A}"
EndProject
Global
	GlobalSection(SolutionConfigurationPlatforms) = preSolution
		Debug|Any CPU = Debug|Any CPU
		Release|Any CPU = Release|Any CPU
	EndGlobalSection
	GlobalSection(ProjectConfigurationPlatforms) = postSolution
		{E0B51495-78BC-44B6-8118-3A7A30B2310A}.Debug|Any CPU.ActiveCfg = Debug|Any CPU
		{E0B51495-78BC-44B6-8118-3A7A30B2310A}.Debug|Any CPU.Build.0 = Debug|Any CPU
		{E0B51495-78BC-44B6-8118-3A7A30B2310A}.Release|Any CPU.ActiveCfg = Release|Any CPU
		{E0B51495-78BC-44B6-8118-3A7A30B2310A}.Release|Any CPU.Build.0 = Release|Any CPU
	EndGlobalSection
	GlobalSection(SolutionProperties) = preSolution
		HideSolutionNode = FALSE
	EndGlobalSection
	GlobalSection(ExtensibilityGlobals) = postSolution
		SolutionGuid = {BDA2F8B7-142A-45CF-A771-B5F928FDC479}
	EndGlobalSection
EndGlobal
